
Microsoft Visual Studio Solution File, Format Version 12.00
# Visual Studio Version 17
VisualStudioVersion = 17.2.32526.322
MinimumVisualStudioVersion = 10.0.40219.1
Project("{FAE04EC0-301F-11D3-BF4B-00C04F79EFBC}") = "MainProcessingService", "MessageQueue\MainProcessingService.csproj", "{14D4D7A9-1B3F-4016-8A50-746DD5116726}"
EndProject
Project("{FAE04EC0-301F-11D3-BF4B-00C04F79EFBC}") = "SharedAssembly", "SharedAssembly\SharedAssembly.csproj", "{CB5B0C26-F07A-4E1A-B914-19F73B50CA1F}"
EndProject
Global
	GlobalSection(SolutionConfigurationPlatforms) = preSolution
		Debug|Any CPU = Debug|Any CPU
		Release|Any CPU = Release|Any CPU
	EndGlobalSection
	GlobalSection(ProjectConfigurationPlatforms) = postSolution
		{14D4D7A9-1B3F-4016-8A50-746DD5116726}.Debug|Any CPU.ActiveCfg = Debug|Any CPU
		{14D4D7A9-1B3F-4016-8A50-746DD5116726}.Debug|Any CPU.Build.0 = Debug|Any CPU
		{14D4D7A9-1B3F-4016-8A50-746DD5116726}.Release|Any CPU.ActiveCfg = Release|Any CPU
		{14D4D7A9-1B3F-4016-8A50-746DD5116726}.Release|Any CPU.Build.0 = Release|Any CPU
		{CB5B0C26-F07A-4E1A-B914-19F73B50CA1F}.Debug|Any CPU.ActiveCfg = Debug|Any CPU
		{CB5B0C26-F07A-4E1A-B914-19F73B50CA1F}.Debug|Any CPU.Build.0 = Debug|Any CPU
		{CB5B0C26-F07A-4E1A-B914-19F73B50CA1F}.Release|Any CPU.ActiveCfg = Release|Any CPU
		{CB5B0C26-F07A-4E1A-B914-19F73B50CA1F}.Release|Any CPU.Build.0 = Release|Any CPU
	EndGlobalSection
	GlobalSection(SolutionProperties) = preSolution
		HideSolutionNode = FALSE
	EndGlobalSection
	GlobalSection(ExtensibilityGlobals) = postSolution
		SolutionGuid = {FED2714F-EE6A-49EF-8E82-2ED5280F1069}
	EndGlobalSection
EndGlobal
